{
  "requires": true,
  "lockfileVersion": 1,
  "dependencies": {
    "@dojo/framework": {
      "version": "5.0.4",
      "resolved": "https://registry.npmjs.org/@dojo/framework/-/framework-5.0.4.tgz",
      "integrity": "sha512-E8y+E6k6VgVOCiTQqokFEmxODuL4p6b7BroiGo5DNEgmS9dRMMHsO6UadDHx/TOsw47vP56Ly+ugHZbpS/XcWg==",
      "requires": {
        "@types/cldrjs": "0.4.20",
        "@types/globalize": "0.0.34",
        "@webcomponents/webcomponentsjs": "1.1.0",
        "cldrjs": "0.5.0",
        "css-select-umd": "1.3.0-rc0",
        "diff": "3.5.0",
        "globalize": "1.4.0",
        "intersection-observer": "0.4.2",
        "pepjs": "0.4.2",
        "resize-observer-polyfill": "1.5.0",
        "tslib": "1.8.1",
        "web-animations-js": "2.3.1",
        "whatwg-fetch": "3.0.0"
      },
      "dependencies": {
        "intersection-observer": {
          "version": "0.4.2",
          "resolved": "https://registry.npmjs.org/intersection-observer/-/intersection-observer-0.4.2.tgz",
          "integrity": "sha512-SFGCL4d6A7J+aXNHTx94zV7ydngTKraDBvoJjn5iGgsXYhXgAXIYj8i3ewJoO80BRB7qtBB3sBlrdGNwTktzLg=="
        },
        "tslib": {
          "version": "1.8.1",
          "resolved": "https://registry.npmjs.org/tslib/-/tslib-1.8.1.tgz",
          "integrity": "sha1-aUavLR1lGnsYY7Ux1uWvpBqkTqw="
        }
      }
    },
    "@types/cldrjs": {
      "version": "0.4.20",
      "resolved": "https://registry.npmjs.org/@types/cldrjs/-/cldrjs-0.4.20.tgz",
      "integrity": "sha512-vQe6BQF9QCHSLUlNjRa/1zicRCnQnTRwhW/FqgVv26A85COY1jfkkO6JjogDv22U3LRhu9pY4uPQOlxGnsuJPA=="
    },
    "@types/globalize": {
      "version": "0.0.34",
      "resolved": "https://registry.npmjs.org/@types/globalize/-/globalize-0.0.34.tgz",
      "integrity": "sha512-FQTLuqZxqf+T1Ao6RzaIP7HcTcNvgDf0YQfK90YGYt1N6KeU5GE0M/hsxdQlpqvuztxjEwEQqIO3paSO/tZ4Pw==",
      "requires": {
        "@types/cldrjs": "*"
      }
    },
    "@webcomponents/webcomponentsjs": {
      "version": "1.1.0",
      "resolved": "https://registry.npmjs.org/@webcomponents/webcomponentsjs/-/webcomponentsjs-1.1.0.tgz",
      "integrity": "sha512-7toNyVlrl7vJnY3PU0eXIK1KWq8phfnEe1IwOdCMxkIl/BfUkUB2aaVs45R0LSx1qxHRnkqj0vlGtskUvKkNkA=="
    },
    "arcgis-js-api": {
      "version": "4.17.0-next.20200824",
      "resolved": "https://registry.npmjs.org/arcgis-js-api/-/arcgis-js-api-4.17.0-next.20200824.tgz",
      "integrity": "sha512-k7iL9YbinszGRTcopJG7KKXA6139QjVqho1RVPQHX19igvXamSRqD4bF6tlC5VMi5yXqH59Qf+04wTPmp7+byQ==",
      "requires": {
        "@dojo/framework": "5.0.4",
        "dojo": "github:Esri/dojo#v1.14.2/esri-3.28.0",
        "dojo-dstore": "1.1.2",
        "dojox": "github:Esri/dojox#v1.14.2/esri-3.28.0",
        "intersection-observer": "0.5.1",
        "maquette-css-transitions": "1.1.1",
        "maquette-jsx": "3.0.1",
        "moment": "2.24.0",
        "tslib": "1.11.2"
      }
    },
    "boolbase": {
      "version": "1.0.0",
      "resolved": "https://registry.npmjs.org/boolbase/-/boolbase-1.0.0.tgz",
      "integrity": "sha1-aN/1++YMUes3cl6p4+0xDcwed24="
    },
    "cldrjs": {
      "version": "0.5.0",
      "resolved": "https://registry.npmjs.org/cldrjs/-/cldrjs-0.5.0.tgz",
      "integrity": "sha1-N76S2NGo5myO4S8TA+0xbYXY6zc="
    },
    "css-select-umd": {
      "version": "1.3.0-rc0",
      "resolved": "https://registry.npmjs.org/css-select-umd/-/css-select-umd-1.3.0-rc0.tgz",
      "integrity": "sha512-ggouX0yWeql8nZobF5jscijHx/WIDkEuy7Iq6fU2X6ogQyIPpJ/aGn4ZYM0jpfI0LbvDaQustkj0az/hN1BqwA==",
      "requires": {
        "boolbase": "^1.0.0",
        "css-what": "2.1",
        "domutils": "1.5.1",
        "es6-set": "^0.1.5",
        "nth-check": "^1.0.1"
      }
    },
    "css-what": {
      "version": "2.1.3",
      "resolved": "https://registry.npmjs.org/css-what/-/css-what-2.1.3.tgz",
      "integrity": "sha512-a+EPoD+uZiNfh+5fxw2nO9QwFa6nJe2Or35fGY6Ipw1R3R4AGz1d1TEZrCegvw2YTmZ0jXirGYlzxxpYSHwpEg=="
    },
    "d": {
      "version": "1.0.1",
      "resolved": "https://registry.npmjs.org/d/-/d-1.0.1.tgz",
      "integrity": "sha512-m62ShEObQ39CfralilEQRjH6oAMtNCV1xJyEx5LpRYUVN+EviphDgUc/F3hnYbADmkiNs67Y+3ylmlG7Lnu+FA==",
      "requires": {
        "es5-ext": "^0.10.50",
        "type": "^1.0.1"
      }
    },
    "diff": {
      "version": "3.5.0",
      "resolved": "https://registry.npmjs.org/diff/-/diff-3.5.0.tgz",
      "integrity": "sha512-A46qtFgd+g7pDZinpnwiRJtxbC1hpgf0uzP3iG89scHk0AUC7A1TGxf5OiiOUv/JMZR8GOt8hL900hV0bOy5xA=="
    },
    "dijit": {
      "version": "1.14.2",
      "resolved": "https://registry.npmjs.org/dijit/-/dijit-1.14.2.tgz",
      "integrity": "sha512-T/jEhBVpGdU3ruw5K68S8qn8VCjn1Pv/2fC4g0QJjPD0VgxOV9BvXdjo8Fjpv5AQ69PEUdZijHrSTTcPwIo7bg==",
      "requires": {
        "dojo": "1.14.2"
      }
    },
    "dojo": {
      "version": "github:Esri/dojo#bed2e881e70d2d5f52a7423af2ec1f6036eb9b0c",
      "from": "github:Esri/dojo#v1.14.2/esri-3.28.0"
    },
    "dojo-dstore": {
      "version": "1.1.2",
      "resolved": "https://registry.npmjs.org/dojo-dstore/-/dojo-dstore-1.1.2.tgz",
      "integrity": "sha1-zuNpmfP4B9HP/P32FX2w8rI3zeQ=",
      "requires": {
        "dojo": "^1.9.0"
      }
    },
    "dojox": {
      "version": "github:Esri/dojox#66a4f9a49808332c0573437ea2f9f78901124373",
      "from": "github:Esri/dojox#v1.14.2/esri-3.28.0",
      "requires": {
        "dijit": "1.14.2",
        "dojo": "1.14.2"
      }
    },
    "dom-serializer": {
      "version": "0.2.2",
      "resolved": "https://registry.npmjs.org/dom-serializer/-/dom-serializer-0.2.2.tgz",
      "integrity": "sha512-2/xPb3ORsQ42nHYiSunXkDjPLBaEj/xTwUO4B7XCZQTRk7EBtTOPaygh10YAAh2OI1Qrp6NWfpAhzswj0ydt9g==",
      "requires": {
        "domelementtype": "^2.0.1",
        "entities": "^2.0.0"
      },
      "dependencies": {
        "domelementtype": {
          "version": "2.0.1",
          "resolved": "https://registry.npmjs.org/domelementtype/-/domelementtype-2.0.1.tgz",
          "integrity": "sha512-5HOHUDsYZWV8FGWN0Njbr/Rn7f/eWSQi1v7+HsUVwXgn8nWWlL64zKDkS0n8ZmQ3mlWOMuXOnR+7Nx/5tMO5AQ=="
        }
      }
    },
    "domelementtype": {
      "version": "1.3.1",
      "resolved": "https://registry.npmjs.org/domelementtype/-/domelementtype-1.3.1.tgz",
      "integrity": "sha512-BSKB+TSpMpFI/HOxCNr1O8aMOTZ8hT3pM3GQ0w/mWRmkhEDSFJkkyzz4XQsBV44BChwGkrDfMyjVD0eA2aFV3w=="
    },
    "domutils": {
      "version": "1.5.1",
      "resolved": "https://registry.npmjs.org/domutils/-/domutils-1.5.1.tgz",
      "integrity": "sha1-3NhIiib1Y9YQeeSMn3t+Mjc2gs8=",
      "requires": {
        "dom-serializer": "0",
        "domelementtype": "1"
      }
    },
    "entities": {
      "version": "2.0.3",
      "resolved": "https://registry.npmjs.org/entities/-/entities-2.0.3.tgz",
      "integrity": "sha512-MyoZ0jgnLvB2X3Lg5HqpFmn1kybDiIfEQmKzTb5apr51Rb+T3KdmMiqa70T+bhGnyv7bQ6WMj2QMHpGMmlrUYQ=="
    },
    "es5-ext": {
      "version": "0.10.53",
      "resolved": "https://registry.npmjs.org/es5-ext/-/es5-ext-0.10.53.tgz",
      "integrity": "sha512-Xs2Stw6NiNHWypzRTY1MtaG/uJlwCk8kH81920ma8mvN8Xq1gsfhZvpkImLQArw8AHnv8MT2I45J3c0R8slE+Q==",
      "requires": {
        "es6-iterator": "~2.0.3",
        "es6-symbol": "~3.1.3",
        "next-tick": "~1.0.0"
      },
      "dependencies": {
        "es6-symbol": {
          "version": "3.1.3",
          "resolved": "https://registry.npmjs.org/es6-symbol/-/es6-symbol-3.1.3.tgz",
          "integrity": "sha512-NJ6Yn3FuDinBaBRWl/q5X/s4koRHBrgKAu+yGI6JCBeiu3qrcbJhwT2GeR/EXVfylRk8dpQVJoLEFhK+Mu31NA==",
          "requires": {
            "d": "^1.0.1",
            "ext": "^1.1.2"
          }
        }
      }
    },
    "es6-iterator": {
      "version": "2.0.3",
      "resolved": "https://registry.npmjs.org/es6-iterator/-/es6-iterator-2.0.3.tgz",
      "integrity": "sha1-p96IkUGgWpSwhUQDstCg+/qY87c=",
      "requires": {
        "d": "1",
        "es5-ext": "^0.10.35",
        "es6-symbol": "^3.1.1"
      }
    },
    "es6-set": {
      "version": "0.1.5",
      "resolved": "https://registry.npmjs.org/es6-set/-/es6-set-0.1.5.tgz",
      "integrity": "sha1-0rPsXU2ADO2BjbU40ol02wpzzLE=",
      "requires": {
        "d": "1",
        "es5-ext": "~0.10.14",
        "es6-iterator": "~2.0.1",
        "es6-symbol": "3.1.1",
        "event-emitter": "~0.3.5"
      }
    },
    "es6-symbol": {
      "version": "3.1.1",
      "resolved": "https://registry.npmjs.org/es6-symbol/-/es6-symbol-3.1.1.tgz",
      "integrity": "sha1-vwDvT9q2uhtG7Le2KbTH7VcVzHc=",
      "requires": {
        "d": "1",
        "es5-ext": "~0.10.14"
      }
    },
    "event-emitter": {
      "version": "0.3.5",
      "resolved": "https://registry.npmjs.org/event-emitter/-/event-emitter-0.3.5.tgz",
      "integrity": "sha1-34xp7vFkeSPHFXuc6DhAYQsCzDk=",
      "requires": {
        "d": "1",
        "es5-ext": "~0.10.14"
      }
    },
    "ext": {
      "version": "1.4.0",
      "resolved": "https://registry.npmjs.org/ext/-/ext-1.4.0.tgz",
      "integrity": "sha512-Key5NIsUxdqKg3vIsdw9dSuXpPCQ297y6wBjL30edxwPgt2E44WcWBZey/ZvUc6sERLTxKdyCu4gZFmUbk1Q7A==",
      "requires": {
        "type": "^2.0.0"
      },
      "dependencies": {
        "type": {
          "version": "2.1.0",
          "resolved": "https://registry.npmjs.org/type/-/type-2.1.0.tgz",
          "integrity": "sha512-G9absDWvhAWCV2gmF1zKud3OyC61nZDwWvBL2DApaVFogI07CprggiQAOOjvp2NRjYWFzPyu7vwtDrQFq8jeSA=="
        }
      }
    },
    "globalize": {
      "version": "1.4.0",
      "resolved": "https://registry.npmjs.org/globalize/-/globalize-1.4.0.tgz",
      "integrity": "sha1-TACnneZ9c5qbf/g7ZrkNAlfCdJM=",
      "requires": {
        "cldrjs": "^0.5.0"
      }
    },
    "intersection-observer": {
      "version": "0.5.1",
      "resolved": "https://registry.npmjs.org/intersection-observer/-/intersection-observer-0.5.1.tgz",
      "integrity": "sha512-Zd7Plneq82kiXFixs7bX62YnuZ0BMRci9br7io88LwDyF3V43cQMI+G5IiTlTNTt+LsDUppl19J/M2Fp9UkH6g=="
    },
    "maquette-css-transitions": {
      "version": "1.1.1",
      "resolved": "https://registry.npmjs.org/maquette-css-transitions/-/maquette-css-transitions-1.1.1.tgz",
      "integrity": "sha512-EYKVwF+vYGt7rcPUx+Kk9Dy7Yyw3PC+8mmt5/VgB89H3zBaSLtFUZ4Deg/5HDy9xFrGoh2Zx85DL49/Vll3yJQ=="
    },
    "maquette-jsx": {
      "version": "3.0.1",
      "resolved": "https://registry.npmjs.org/maquette-jsx/-/maquette-jsx-3.0.1.tgz",
      "integrity": "sha512-TQC+P3iJ1VhAXrAsgkJaKPnX6apfFBP7EGk0IdpkfDMnZ2dX8t3vrF2KkQJ1AMez0zZuqhqm/a24R0xdMaNLRw=="
    },
    "moment": {
      "version": "2.24.0",
      "resolved": "https://registry.npmjs.org/moment/-/moment-2.24.0.tgz",
      "integrity": "sha512-bV7f+6l2QigeBBZSM/6yTNq4P2fNpSWj/0e7jQcy87A8e7o2nAfP/34/2ky5Vw4B9S446EtIhodAzkFCcR4dQg=="
    },
    "next-tick": {
      "version": "1.0.0",
      "resolved": "https://registry.npmjs.org/next-tick/-/next-tick-1.0.0.tgz",
      "integrity": "sha1-yobR/ogoFpsBICCOPchCS524NCw="
    },
    "nth-check": {
      "version": "1.0.2",
      "resolved": "https://registry.npmjs.org/nth-check/-/nth-check-1.0.2.tgz",
      "integrity": "sha512-WeBOdju8SnzPN5vTUJYxYUxLeXpCaVP5i5e0LF8fg7WORF2Wd7wFX/pk0tYZk7s8T+J7VLy0Da6J1+wCT0AtHg==",
      "requires": {
        "boolbase": "~1.0.0"
      }
    },
    "pepjs": {
      "version": "0.4.2",
      "resolved": "https://registry.npmjs.org/pepjs/-/pepjs-0.4.2.tgz",
      "integrity": "sha1-EyZO6olJhP9CPIPkDS+k4d7Byfo="
    },
    "resize-observer-polyfill": {
      "version": "1.5.0",
      "resolved": "https://registry.npmjs.org/resize-observer-polyfill/-/resize-observer-polyfill-1.5.0.tgz",
      "integrity": "sha512-M2AelyJDVR/oLnToJLtuDJRBBWUGUvvGigj1411hXhAdyFWqMaqHp7TixW3FpiLuVaikIcR1QL+zqoJoZlOgpg=="
    },
    "tslib": {
      "version": "1.11.2",
      "resolved": "https://registry.npmjs.org/tslib/-/tslib-1.11.2.tgz",
      "integrity": "sha512-tTSkux6IGPnUGUd1XAZHcpu85MOkIl5zX49pO+jfsie3eP0B6pyhOlLXm3cAC6T7s+euSDDUUV+Acop5WmtkVg=="
    },
    "type": {
      "version": "1.2.0",
      "resolved": "https://registry.npmjs.org/type/-/type-1.2.0.tgz",
      "integrity": "sha512-+5nt5AAniqsCnu2cEQQdpzCAh33kVx8n0VoFidKpB1dVVLAN/F+bgVOqOJqOnEnrhp222clB5p3vUlD+1QAnfg=="
    },
    "web-animations-js": {
      "version": "2.3.1",
      "resolved": "https://registry.npmjs.org/web-animations-js/-/web-animations-js-2.3.1.tgz",
      "integrity": "sha1-Om2bwVGWN3qQ+OKAP6UmIWWwRRA="
    },
    "whatwg-fetch": {
      "version": "3.0.0",
      "resolved": "https://registry.npmjs.org/whatwg-fetch/-/whatwg-fetch-3.0.0.tgz",
      "integrity": "sha512-9GSJUgz1D4MfyKU7KRqwOjXCXTqWdFNvEr7eUBYchQiVc744mqK/MzXPNR2WsPkmkOa4ywfg8C2n8h+13Bey1Q=="
    }
  }
}
